Microsoft Visual Studio Solution File, Format Version 12.00
# Visual Studio 2015
Project("{FAE04EC0-301F-11D3-BF4B-00C04F79EFBC}") = "RepoR1.CSharp.Plugins", "RepoR1.CSharp.Plugins.csproj", "{E07CE090-C137-B2AC-8581-0EF6E97BC917}"
EndProject
Project("{FAE04EC0-301F-11D3-BF4B-00C04F79EFBC}") = "RepoR1.CSharp", "RepoR1.CSharp.csproj", "{A5689B23-EDDD-646B-5641-6BDF8BA1F3B4}"
EndProject
Project("{FAE04EC0-301F-11D3-BF4B-00C04F79EFBC}") = "RepoR1.CSharp.Editor.Plugins", "RepoR1.CSharp.Editor.Plugins.csproj", "{80886A37-0FE7-2D20-CDAC-FAAC9BB5A74F}"
EndProject
Project("{FAE04EC0-301F-11D3-BF4B-00C04F79EFBC}") = "RepoR1.CSharp.Editor", "RepoR1.CSharp.Editor.csproj", "{2846D6BB-37B9-5F2F-1F8D-6B1DA2FD2762}"
EndProject
Global
	GlobalSection(SolutionConfigurationPlatforms) = preSolution
		Debug|Any CPU = Debug|Any CPU
		Release|Any CPU = Release|Any CPU
	EndGlobalSection
	GlobalSection(ProjectConfigurationPlatforms) = postSolution
		{E07CE090-C137-B2AC-8581-0EF6E97BC917}.Debug|Any CPU.ActiveCfg = Debug|Any CPU
		{E07CE090-C137-B2AC-8581-0EF6E97BC917}.Debug|Any CPU.Build.0 = Debug|Any CPU
		{E07CE090-C137-B2AC-8581-0EF6E97BC917}.Release|Any CPU.ActiveCfg = Release|Any CPU
		{E07CE090-C137-B2AC-8581-0EF6E97BC917}.Release|Any CPU.Build.0 = Release|Any CPU
		{A5689B23-EDDD-646B-5641-6BDF8BA1F3B4}.Debug|Any CPU.ActiveCfg = Debug|Any CPU
		{A5689B23-EDDD-646B-5641-6BDF8BA1F3B4}.Debug|Any CPU.Build.0 = Debug|Any CPU
		{A5689B23-EDDD-646B-5641-6BDF8BA1F3B4}.Release|Any CPU.ActiveCfg = Release|Any CPU
		{A5689B23-EDDD-646B-5641-6BDF8BA1F3B4}.Release|Any CPU.Build.0 = Release|Any CPU
		{80886A37-0FE7-2D20-CDAC-FAAC9BB5A74F}.Debug|Any CPU.ActiveCfg = Debug|Any CPU
		{80886A37-0FE7-2D20-CDAC-FAAC9BB5A74F}.Debug|Any CPU.Build.0 = Debug|Any CPU
		{80886A37-0FE7-2D20-CDAC-FAAC9BB5A74F}.Release|Any CPU.ActiveCfg = Release|Any CPU
		{80886A37-0FE7-2D20-CDAC-FAAC9BB5A74F}.Release|Any CPU.Build.0 = Release|Any CPU
		{2846D6BB-37B9-5F2F-1F8D-6B1DA2FD2762}.Debug|Any CPU.ActiveCfg = Debug|Any CPU
		{2846D6BB-37B9-5F2F-1F8D-6B1DA2FD2762}.Debug|Any CPU.Build.0 = Debug|Any CPU
		{2846D6BB-37B9-5F2F-1F8D-6B1DA2FD2762}.Release|Any CPU.ActiveCfg = Release|Any CPU
		{2846D6BB-37B9-5F2F-1F8D-6B1DA2FD2762}.Release|Any CPU.Build.0 = Release|Any CPU
	EndGlobalSection
EndGlobal
