
Microsoft Visual Studio Solution File, Format Version 12.00
# Visual Studio 2015
Project("{FAE04EC0-301F-11D3-BF4B-00C04F79EFBC}") = "TowerRush.Plugins", "TowerRush.Plugins.csproj", "{4965EC09-8E16-ECEC-7636-7EDCE7EB6B07}"
EndProject
Project("{FAE04EC0-301F-11D3-BF4B-00C04F79EFBC}") = "TowerRush", "TowerRush.csproj", "{8DC1FD06-208B-3003-F574-8298B7D7706B}"
EndProject
Project("{FAE04EC0-301F-11D3-BF4B-00C04F79EFBC}") = "TowerRush.Editor.Plugins", "TowerRush.Editor.Plugins.csproj", "{8AF84B24-C0B4-D54F-4491-3AB7C638ADF6}"
EndProject
Project("{FAE04EC0-301F-11D3-BF4B-00C04F79EFBC}") = "TowerRush.Editor", "TowerRush.Editor.csproj", "{6A2DA7EC-676A-C72C-4F59-C2CC8CC23F5E}"
EndProject
Global
	GlobalSection(SolutionConfigurationPlatforms) = preSolution
		Debug|Any CPU = Debug|Any CPU
		Release|Any CPU = Release|Any CPU
	EndGlobalSection
	GlobalSection(ProjectConfigurationPlatforms) = postSolution
		{4965EC09-8E16-ECEC-7636-7EDCE7EB6B07}.Debug|Any CPU.ActiveCfg = Debug|Any CPU
		{4965EC09-8E16-ECEC-7636-7EDCE7EB6B07}.Debug|Any CPU.Build.0 = Debug|Any CPU
		{4965EC09-8E16-ECEC-7636-7EDCE7EB6B07}.Release|Any CPU.ActiveCfg = Release|Any CPU
		{4965EC09-8E16-ECEC-7636-7EDCE7EB6B07}.Release|Any CPU.Build.0 = Release|Any CPU
		{8DC1FD06-208B-3003-F574-8298B7D7706B}.Debug|Any CPU.ActiveCfg = Debug|Any CPU
		{8DC1FD06-208B-3003-F574-8298B7D7706B}.Debug|Any CPU.Build.0 = Debug|Any CPU
		{8DC1FD06-208B-3003-F574-8298B7D7706B}.Release|Any CPU.ActiveCfg = Release|Any CPU
		{8DC1FD06-208B-3003-F574-8298B7D7706B}.Release|Any CPU.Build.0 = Release|Any CPU
		{8AF84B24-C0B4-D54F-4491-3AB7C638ADF6}.Debug|Any CPU.ActiveCfg = Debug|Any CPU
		{8AF84B24-C0B4-D54F-4491-3AB7C638ADF6}.Debug|Any CPU.Build.0 = Debug|Any CPU
		{8AF84B24-C0B4-D54F-4491-3AB7C638ADF6}.Release|Any CPU.ActiveCfg = Release|Any CPU
		{8AF84B24-C0B4-D54F-4491-3AB7C638ADF6}.Release|Any CPU.Build.0 = Release|Any CPU
		{6A2DA7EC-676A-C72C-4F59-C2CC8CC23F5E}.Debug|Any CPU.ActiveCfg = Debug|Any CPU
		{6A2DA7EC-676A-C72C-4F59-C2CC8CC23F5E}.Debug|Any CPU.Build.0 = Debug|Any CPU
		{6A2DA7EC-676A-C72C-4F59-C2CC8CC23F5E}.Release|Any CPU.ActiveCfg = Release|Any CPU
		{6A2DA7EC-676A-C72C-4F59-C2CC8CC23F5E}.Release|Any CPU.Build.0 = Release|Any CPU
	EndGlobalSection
	GlobalSection(SolutionProperties) = preSolution
		HideSolutionNode = FALSE
	EndGlobalSection
EndGlobal
