
Microsoft Visual Studio Solution File, Format Version 12.00
# Visual Studio 2015
Project("{FAE04EC0-301F-11D3-BF4B-00C04F79EFBC}") = "unity-game.CSharp.Plugins", "unity-game.CSharp.Plugins.csproj", "{6FCB4444-04EE-C966-8844-974FA0CC2DE9}"
EndProject
Project("{FAE04EC0-301F-11D3-BF4B-00C04F79EFBC}") = "unity-game.CSharp", "unity-game.CSharp.csproj", "{56DC4224-7B6E-FF6A-3CE1-A6C7827C1458}"
EndProject
Project("{FAE04EC0-301F-11D3-BF4B-00C04F79EFBC}") = "unity-game.CSharp.Editor", "unity-game.CSharp.Editor.csproj", "{B908483F-C4CF-D1A8-F6DF-EDAC8188104C}"
EndProject
Global
	GlobalSection(SolutionConfigurationPlatforms) = preSolution
		Debug|Any CPU = Debug|Any CPU
		Release|Any CPU = Release|Any CPU
	EndGlobalSection
	GlobalSection(ProjectConfigurationPlatforms) = postSolution
		{6FCB4444-04EE-C966-8844-974FA0CC2DE9}.Debug|Any CPU.ActiveCfg = Debug|Any CPU
		{6FCB4444-04EE-C966-8844-974FA0CC2DE9}.Debug|Any CPU.Build.0 = Debug|Any CPU
		{6FCB4444-04EE-C966-8844-974FA0CC2DE9}.Release|Any CPU.ActiveCfg = Release|Any CPU
		{6FCB4444-04EE-C966-8844-974FA0CC2DE9}.Release|Any CPU.Build.0 = Release|Any CPU
		{56DC4224-7B6E-FF6A-3CE1-A6C7827C1458}.Debug|Any CPU.ActiveCfg = Debug|Any CPU
		{56DC4224-7B6E-FF6A-3CE1-A6C7827C1458}.Debug|Any CPU.Build.0 = Debug|Any CPU
		{56DC4224-7B6E-FF6A-3CE1-A6C7827C1458}.Release|Any CPU.ActiveCfg = Release|Any CPU
		{56DC4224-7B6E-FF6A-3CE1-A6C7827C1458}.Release|Any CPU.Build.0 = Release|Any CPU
		{B908483F-C4CF-D1A8-F6DF-EDAC8188104C}.Debug|Any CPU.ActiveCfg = Debug|Any CPU
		{B908483F-C4CF-D1A8-F6DF-EDAC8188104C}.Debug|Any CPU.Build.0 = Debug|Any CPU
		{B908483F-C4CF-D1A8-F6DF-EDAC8188104C}.Release|Any CPU.ActiveCfg = Release|Any CPU
		{B908483F-C4CF-D1A8-F6DF-EDAC8188104C}.Release|Any CPU.Build.0 = Release|Any CPU
	EndGlobalSection
	GlobalSection(SolutionProperties) = preSolution
		HideSolutionNode = FALSE
	EndGlobalSection
EndGlobal
