Microsoft Visual Studio Solution File, Format Version 11.00
# Visual Studio 2008

Project("{BCE7B809-384A-945A-F24F-753C3FA27771}") = "unity-game", "Assembly-CSharp-firstpass.csproj", "{2519C5CC-BAC2-7AAC-AFA9-7A11A8EB22A4}"
EndProject
Project("{BCE7B809-384A-945A-F24F-753C3FA27771}") = "unity-game", "Assembly-CSharp.csproj", "{81499F24-4FAE-3BA0-D105-6C4FDF7F9372}"
EndProject
Project("{BCE7B809-384A-945A-F24F-753C3FA27771}") = "unity-game", "Assembly-CSharp-Editor.csproj", "{940A2027-C762-674D-FA73-DD6A239C6600}"
EndProject
Global
	GlobalSection(SolutionConfigurationPlatforms) = preSolution
		Debug|Any CPU = Debug|Any CPU
		Release|Any CPU = Release|Any CPU
	EndGlobalSection
	GlobalSection(ProjectConfigurationPlatforms) = postSolution
		{2519C5CC-BAC2-7AAC-AFA9-7A11A8EB22A4}.Debug|Any CPU.ActiveCfg = Debug|Any CPU
		{2519C5CC-BAC2-7AAC-AFA9-7A11A8EB22A4}.Debug|Any CPU.Build.0 = Debug|Any CPU
		{2519C5CC-BAC2-7AAC-AFA9-7A11A8EB22A4}.Release|Any CPU.ActiveCfg = Release|Any CPU
		{2519C5CC-BAC2-7AAC-AFA9-7A11A8EB22A4}.Release|Any CPU.Build.0 = Release|Any CPU
		{81499F24-4FAE-3BA0-D105-6C4FDF7F9372}.Debug|Any CPU.ActiveCfg = Debug|Any CPU
		{81499F24-4FAE-3BA0-D105-6C4FDF7F9372}.Debug|Any CPU.Build.0 = Debug|Any CPU
		{81499F24-4FAE-3BA0-D105-6C4FDF7F9372}.Release|Any CPU.ActiveCfg = Release|Any CPU
		{81499F24-4FAE-3BA0-D105-6C4FDF7F9372}.Release|Any CPU.Build.0 = Release|Any CPU
		{940A2027-C762-674D-FA73-DD6A239C6600}.Debug|Any CPU.ActiveCfg = Debug|Any CPU
		{940A2027-C762-674D-FA73-DD6A239C6600}.Debug|Any CPU.Build.0 = Debug|Any CPU
		{940A2027-C762-674D-FA73-DD6A239C6600}.Release|Any CPU.ActiveCfg = Release|Any CPU
		{940A2027-C762-674D-FA73-DD6A239C6600}.Release|Any CPU.Build.0 = Release|Any CPU
	EndGlobalSection
	GlobalSection(SolutionProperties) = preSolution
		HideSolutionNode = FALSE
	EndGlobalSection
	GlobalSection(MonoDevelopProperties) = preSolution
		StartupItem = Assembly-CSharp.csproj
	EndGlobalSection
EndGlobal
