
Microsoft Visual Studio Solution File, Format Version 12.00
# Visual Studio 2015
Project("{FAE04EC0-301F-11D3-BF4B-00C04F79EFBC}") = "Unity-Game.CSharp.Plugins", "Unity-Game.CSharp.Plugins.csproj", "{DD0CA117-91F5-789B-2215-8B76A3BBF59C}"
EndProject
Project("{FAE04EC0-301F-11D3-BF4B-00C04F79EFBC}") = "Unity-Game.CSharp", "Unity-Game.CSharp.csproj", "{955FE6AE-EF7F-BB06-822C-A8217E470740}"
EndProject
Project("{FAE04EC0-301F-11D3-BF4B-00C04F79EFBC}") = "Unity-Game.CSharp.Editor", "Unity-Game.CSharp.Editor.csproj", "{75BE44F9-57E7-C307-12C8-D27F3E86AC8C}"
EndProject
Global
	GlobalSection(SolutionConfigurationPlatforms) = preSolution
		Debug|Any CPU = Debug|Any CPU
		Release|Any CPU = Release|Any CPU
	EndGlobalSection
	GlobalSection(ProjectConfigurationPlatforms) = postSolution
		{DD0CA117-91F5-789B-2215-8B76A3BBF59C}.Debug|Any CPU.ActiveCfg = Debug|Any CPU
		{DD0CA117-91F5-789B-2215-8B76A3BBF59C}.Debug|Any CPU.Build.0 = Debug|Any CPU
		{DD0CA117-91F5-789B-2215-8B76A3BBF59C}.Release|Any CPU.ActiveCfg = Release|Any CPU
		{DD0CA117-91F5-789B-2215-8B76A3BBF59C}.Release|Any CPU.Build.0 = Release|Any CPU
		{955FE6AE-EF7F-BB06-822C-A8217E470740}.Debug|Any CPU.ActiveCfg = Debug|Any CPU
		{955FE6AE-EF7F-BB06-822C-A8217E470740}.Debug|Any CPU.Build.0 = Debug|Any CPU
		{955FE6AE-EF7F-BB06-822C-A8217E470740}.Release|Any CPU.ActiveCfg = Release|Any CPU
		{955FE6AE-EF7F-BB06-822C-A8217E470740}.Release|Any CPU.Build.0 = Release|Any CPU
		{75BE44F9-57E7-C307-12C8-D27F3E86AC8C}.Debug|Any CPU.ActiveCfg = Debug|Any CPU
		{75BE44F9-57E7-C307-12C8-D27F3E86AC8C}.Debug|Any CPU.Build.0 = Debug|Any CPU
		{75BE44F9-57E7-C307-12C8-D27F3E86AC8C}.Release|Any CPU.ActiveCfg = Release|Any CPU
		{75BE44F9-57E7-C307-12C8-D27F3E86AC8C}.Release|Any CPU.Build.0 = Release|Any CPU
	EndGlobalSection
	GlobalSection(SolutionProperties) = preSolution
		HideSolutionNode = FALSE
	EndGlobalSection
EndGlobal
